{
  "originHash" : "6da9e911b1099b98dd663706edfc12483f6c90d41fe1e2f35ef45fd7dc6e89c0",
  "pins" : [
    {
      "identity" : "nodal",
      "kind" : "remoteSourceControl",
      "location" : "https://github.com/tomasf/Nodal.git",
      "state" : {
        "revision" : "20fc1e770d8fe38f4c00536547d4c782824434fa",
        "version" : "0.3.2"
      }
    },
    {
      "identity" : "zip",
      "kind" : "remoteSourceControl",
      "location" : "https://github.com/tomasf/Zip.git",
      "state" : {
        "revision" : "4f0d993ea822c313acbe6be8b0d40e7cb5e3a217",
        "version" : "2.1.0"
      }
    }
  ],
  "version" : 3
}
