{
  "originHash" : "f909a6f0fe59bf65d1ee2d151315fdc17d5da3e9b54255f969b1a4b4b6a011e0",
  "pins" : [
    {
      "identity" : "nodal",
      "kind" : "remoteSourceControl",
      "location" : "https://github.com/tomasf/Nodal.git",
      "state" : {
        "revision" : "8cd1c2d0c2a097e4b45e45f9636dca28d3a6e8e2",
        "version" : "0.4.0"
      }
    },
    {
      "identity" : "zip",
      "kind" : "remoteSourceControl",
      "location" : "https://github.com/tomasf/Zip.git",
      "state" : {
        "revision" : "89a20ecc82eddf3d1cb40b55e2143167ee4367d3",
        "version" : "2.1.1"
      }
    }
  ],
  "version" : 3
}
