{
  "originHash" : "de6c967b3a188a4807443c66b2be576e53b30e66f918680ec53af97354039e33",
  "pins" : [
    {
      "identity" : "nodal",
      "kind" : "remoteSourceControl",
      "location" : "https://github.com/tomasf/Nodal.git",
      "state" : {
        "revision" : "a4dbde9c2d0b70e10e834bd62c46b9d78a67e5f0",
        "version" : "1.0.1"
      }
    },
    {
      "identity" : "zip",
      "kind" : "remoteSourceControl",
      "location" : "https://github.com/tomasf/Zip.git",
      "state" : {
        "revision" : "3a22aaf3f449ceded0354695af96967d1df4e5e0",
        "version" : "2.1.2"
      }
    }
  ],
  "version" : 3
}
